
Microsoft Visual Studio Solution File, Format Version 12.00
# Visual Studio Version 16
VisualStudioVersion = 16.0.30204.135
MinimumVisualStudioVersion = 10.0.40219.1
Project("{FAE04EC0-301F-11D3-BF4B-00C04F79EFBC}") = "WpfApp3", "WpfApp3\WpfApp3.csproj", "{DD19C7FE-9052-4301-833B-8DEEF45AB783}"
EndProject
Global
	GlobalSection(SolutionConfigurationPlatforms) = preSolution
		Debug|Any CPU = Debug|Any CPU
		Release|Any CPU = Release|Any CPU
	EndGlobalSection
	GlobalSection(ProjectConfigurationPlatforms) = postSolution
		{DD19C7FE-9052-4301-833B-8DEEF45AB783}.Debug|Any CPU.ActiveCfg = Debug|Any CPU
		{DD19C7FE-9052-4301-833B-8DEEF45AB783}.Debug|Any CPU.Build.0 = Debug|Any CPU
		{DD19C7FE-9052-4301-833B-8DEEF45AB783}.Release|Any CPU.ActiveCfg = Release|Any CPU
		{DD19C7FE-9052-4301-833B-8DEEF45AB783}.Release|Any CPU.Build.0 = Release|Any CPU
	EndGlobalSection
	GlobalSection(SolutionProperties) = preSolution
		HideSolutionNode = FALSE
	EndGlobalSection
	GlobalSection(ExtensibilityGlobals) = postSolution
		SolutionGuid = {FB0761B4-1D6C-4D24-9FDA-1AF34FA98488}
	EndGlobalSection
EndGlobal
